
Microsoft Visual Studio Solution File, Format Version 12.00
# Visual Studio Version 17
VisualStudioVersion = 17.7.34202.233
MinimumVisualStudioVersion = 10.0.40219.1
Project("{FAE04EC0-301F-11D3-BF4B-00C04F79EFBC}") = "SingleLinkedList", "SingleLinkedList\SingleLinkedList.csproj", "{E5FFFFD3-096D-415D-B0C4-0C452E93E647}"
EndProject
Project("{FAE04EC0-301F-11D3-BF4B-00C04F79EFBC}") = "SLL_TestApp", "SLL_TestApp\SLL_TestApp.csproj", "{078BBB7C-5EC2-4AAD-AFA9-24B5C4966BCF}"
EndProject
Project("{FAE04EC0-301F-11D3-BF4B-00C04F79EFBC}") = "SLL_TestCase", "SLL_TestCase\SLL_TestCase.csproj", "{EF7D9A57-79DE-4AEF-8D2F-8A3F97B0E7DA}"
EndProject
Project("{FAE04EC0-301F-11D3-BF4B-00C04F79EFBC}") = "Spellchecker", "Spellchecker\Spellchecker.csproj", "{F383ADCC-9AA2-42D6-8D59-7E9ABB914B2E}"
EndProject
Project("{FAE04EC0-301F-11D3-BF4B-00C04F79EFBC}") = "ImportData", "ImportData\ImportData.csproj", "{6BDA3B43-39A8-4767-8BB4-A132DFA83698}"
EndProject
Project("{2150E333-8FDC-42A3-9474-1A3956D46DE8}") = "Bibliotheken", "Bibliotheken", "{B21AB1D1-94BA-4123-89EE-E6A25769EF3E}"
EndProject
Global
	GlobalSection(SolutionConfigurationPlatforms) = preSolution
		Debug|Any CPU = Debug|Any CPU
		Release|Any CPU = Release|Any CPU
	EndGlobalSection
	GlobalSection(ProjectConfigurationPlatforms) = postSolution
		{E5FFFFD3-096D-415D-B0C4-0C452E93E647}.Debug|Any CPU.ActiveCfg = Debug|Any CPU
		{E5FFFFD3-096D-415D-B0C4-0C452E93E647}.Debug|Any CPU.Build.0 = Debug|Any CPU
		{E5FFFFD3-096D-415D-B0C4-0C452E93E647}.Release|Any CPU.ActiveCfg = Release|Any CPU
		{E5FFFFD3-096D-415D-B0C4-0C452E93E647}.Release|Any CPU.Build.0 = Release|Any CPU
		{078BBB7C-5EC2-4AAD-AFA9-24B5C4966BCF}.Debug|Any CPU.ActiveCfg = Debug|Any CPU
		{078BBB7C-5EC2-4AAD-AFA9-24B5C4966BCF}.Debug|Any CPU.Build.0 = Debug|Any CPU
		{078BBB7C-5EC2-4AAD-AFA9-24B5C4966BCF}.Release|Any CPU.ActiveCfg = Release|Any CPU
		{078BBB7C-5EC2-4AAD-AFA9-24B5C4966BCF}.Release|Any CPU.Build.0 = Release|Any CPU
		{EF7D9A57-79DE-4AEF-8D2F-8A3F97B0E7DA}.Debug|Any CPU.ActiveCfg = Debug|Any CPU
		{EF7D9A57-79DE-4AEF-8D2F-8A3F97B0E7DA}.Debug|Any CPU.Build.0 = Debug|Any CPU
		{EF7D9A57-79DE-4AEF-8D2F-8A3F97B0E7DA}.Release|Any CPU.ActiveCfg = Release|Any CPU
		{EF7D9A57-79DE-4AEF-8D2F-8A3F97B0E7DA}.Release|Any CPU.Build.0 = Release|Any CPU
		{F383ADCC-9AA2-42D6-8D59-7E9ABB914B2E}.Debug|Any CPU.ActiveCfg = Debug|Any CPU
		{F383ADCC-9AA2-42D6-8D59-7E9ABB914B2E}.Debug|Any CPU.Build.0 = Debug|Any CPU
		{F383ADCC-9AA2-42D6-8D59-7E9ABB914B2E}.Release|Any CPU.ActiveCfg = Release|Any CPU
		{F383ADCC-9AA2-42D6-8D59-7E9ABB914B2E}.Release|Any CPU.Build.0 = Release|Any CPU
		{6BDA3B43-39A8-4767-8BB4-A132DFA83698}.Debug|Any CPU.ActiveCfg = Debug|Any CPU
		{6BDA3B43-39A8-4767-8BB4-A132DFA83698}.Debug|Any CPU.Build.0 = Debug|Any CPU
		{6BDA3B43-39A8-4767-8BB4-A132DFA83698}.Release|Any CPU.ActiveCfg = Release|Any CPU
		{6BDA3B43-39A8-4767-8BB4-A132DFA83698}.Release|Any CPU.Build.0 = Release|Any CPU
	EndGlobalSection
	GlobalSection(SolutionProperties) = preSolution
		HideSolutionNode = FALSE
	EndGlobalSection
	GlobalSection(NestedProjects) = preSolution
		{E5FFFFD3-096D-415D-B0C4-0C452E93E647} = {B21AB1D1-94BA-4123-89EE-E6A25769EF3E}
		{6BDA3B43-39A8-4767-8BB4-A132DFA83698} = {B21AB1D1-94BA-4123-89EE-E6A25769EF3E}
	EndGlobalSection
	GlobalSection(ExtensibilityGlobals) = postSolution
		SolutionGuid = {B52EC3DE-9773-41A6-B8DB-0BB45BC64D38}
	EndGlobalSection
EndGlobal
